
Microsoft Visual Studio Solution File, Format Version 12.00
# Visual Studio 15
Project("{FAE04EC0-301F-11D3-BF4B-00C04F79EFBC}") = "Assembly-CSharp", "Assembly-CSharp.csproj", "{D8A955BF-283E-EDA4-5AB4-7D97E7A7ADD6}"
EndProject
Project("{FAE04EC0-301F-11D3-BF4B-00C04F79EFBC}") = "Assembly-CSharp-Editor", "Assembly-CSharp-Editor.csproj", "{24D30524-236C-113E-54E4-A45EC8776C1D}"
EndProject
Global
	GlobalSection(SolutionConfigurationPlatforms) = preSolution
		Debug|Any CPU = Debug|Any CPU
		Release|Any CPU = Release|Any CPU
	EndGlobalSection
	GlobalSection(ProjectConfigurationPlatforms) = postSolution
		{D8A955BF-283E-EDA4-5AB4-7D97E7A7ADD6}.Debug|Any CPU.ActiveCfg = Debug|Any CPU
		{D8A955BF-283E-EDA4-5AB4-7D97E7A7ADD6}.Debug|Any CPU.Build.0 = Debug|Any CPU
		{D8A955BF-283E-EDA4-5AB4-7D97E7A7ADD6}.Release|Any CPU.ActiveCfg = Release|Any CPU
		{D8A955BF-283E-EDA4-5AB4-7D97E7A7ADD6}.Release|Any CPU.Build.0 = Release|Any CPU
		{24D30524-236C-113E-54E4-A45EC8776C1D}.Debug|Any CPU.ActiveCfg = Debug|Any CPU
		{24D30524-236C-113E-54E4-A45EC8776C1D}.Debug|Any CPU.Build.0 = Debug|Any CPU
		{24D30524-236C-113E-54E4-A45EC8776C1D}.Release|Any CPU.ActiveCfg = Release|Any CPU
		{24D30524-236C-113E-54E4-A45EC8776C1D}.Release|Any CPU.Build.0 = Release|Any CPU
	EndGlobalSection
	GlobalSection(SolutionProperties) = preSolution
		HideSolutionNode = FALSE
	EndGlobalSection
EndGlobal
